Microsoft Visual Studio Solution File, Format Version 12.00
# Visual Studio 15
VisualStudioVersion = 15.0.26430.12
MinimumVisualStudioVersion = 10.0.40219.1
Project("{FAE04EC0-301F-11D3-BF4B-00C04F79EFBC}") = "Kubernetes.DotNet", "src\Kubernetes.DotNet\Kubernetes.DotNet.csproj", "{C6BA8A47-6ECB-47E3-A0AF-93B003A2FFE5}"
EndProject
Project("{FAE04EC0-301F-11D3-BF4B-00C04F79EFBC}") = "Kubernetes.DotNet.Test", "src\Kubernetes.DotNet.Test\Kubernetes.DotNet.Test.csproj", "{19F1DEBC-DE5E-4517-8062-F000CD499087}"
EndProject
Global
	GlobalSection(SolutionConfigurationPlatforms) = preSolution
		Debug|Any CPU = Debug|Any CPU
		Release|Any CPU = Release|Any CPU
	EndGlobalSection
	GlobalSection(ProjectConfigurationPlatforms) = postSolution
		{C6BA8A47-6ECB-47E3-A0AF-93B003A2FFE5}.Debug|Any CPU.ActiveCfg = Debug|Any CPU
		{C6BA8A47-6ECB-47E3-A0AF-93B003A2FFE5}.Debug|Any CPU.Build.0 = Debug|Any CPU
		{C6BA8A47-6ECB-47E3-A0AF-93B003A2FFE5}.Release|Any CPU.ActiveCfg = Release|Any CPU
		{C6BA8A47-6ECB-47E3-A0AF-93B003A2FFE5}.Release|Any CPU.Build.0 = Release|Any CPU
		{19F1DEBC-DE5E-4517-8062-F000CD499087}.Debug|Any CPU.ActiveCfg = Debug|Any CPU
		{19F1DEBC-DE5E-4517-8062-F000CD499087}.Debug|Any CPU.Build.0 = Debug|Any CPU
		{19F1DEBC-DE5E-4517-8062-F000CD499087}.Release|Any CPU.ActiveCfg = Release|Any CPU
		{19F1DEBC-DE5E-4517-8062-F000CD499087}.Release|Any CPU.Build.0 = Release|Any CPU
	EndGlobalSection
	GlobalSection(SolutionProperties) = preSolution
		HideSolutionNode = FALSE
	EndGlobalSection
EndGlobal
